
Microsoft Visual Studio Solution File, Format Version 12.00
# Visual Studio Version 16
VisualStudioVersion = 16.0.31911.196
MinimumVisualStudioVersion = 10.0.40219.1
Project("{FAE04EC0-301F-11D3-BF4B-00C04F79EFBC}") = "TestProject", "TestProject\TestProject.csproj", "{A7440D45-F019-41AD-84EE-35DEAD8C3860}"
EndProject
Global
	GlobalSection(SolutionConfigurationPlatforms) = preSolution
		Debug|Any CPU = Debug|Any CPU
		Release|Any CPU = Release|Any CPU
	EndGlobalSection
	GlobalSection(ProjectConfigurationPlatforms) = postSolution
		{A7440D45-F019-41AD-84EE-35DEAD8C3860}.Debug|Any CPU.ActiveCfg = Debug|Any CPU
		{A7440D45-F019-41AD-84EE-35DEAD8C3860}.Debug|Any CPU.Build.0 = Debug|Any CPU
		{A7440D45-F019-41AD-84EE-35DEAD8C3860}.Release|Any CPU.ActiveCfg = Release|Any CPU
		{A7440D45-F019-41AD-84EE-35DEAD8C3860}.Release|Any CPU.Build.0 = Release|Any CPU
	EndGlobalSection
	GlobalSection(SolutionProperties) = preSolution
		HideSolutionNode = FALSE
	EndGlobalSection
	GlobalSection(ExtensibilityGlobals) = postSolution
		SolutionGuid = {BDE57382-A638-4164-B1DC-19CD9E71F1A3}
	EndGlobalSection
EndGlobal
